
Microsoft Visual Studio Solution File, Format Version 12.00
# Visual Studio Version 17
VisualStudioVersion = 17.10.35122.118
MinimumVisualStudioVersion = 10.0.40219.1
Project("{9A19103F-16F7-4668-BE54-9A1E7A4F7556}") = "newzelandWalks", "newzelandWalks\newzelandWalks.csproj", "{37C625F8-A363-46E4-8F4B-E76AE8A5B589}"
EndProject
Global
	GlobalSection(SolutionConfigurationPlatforms) = preSolution
		Debug|Any CPU = Debug|Any CPU
		Release|Any CPU = Release|Any CPU
	EndGlobalSection
	GlobalSection(ProjectConfigurationPlatforms) = postSolution
		{37C625F8-A363-46E4-8F4B-E76AE8A5B589}.Debug|Any CPU.ActiveCfg = Debug|Any CPU
		{37C625F8-A363-46E4-8F4B-E76AE8A5B589}.Debug|Any CPU.Build.0 = Debug|Any CPU
		{37C625F8-A363-46E4-8F4B-E76AE8A5B589}.Release|Any CPU.ActiveCfg = Release|Any CPU
		{37C625F8-A363-46E4-8F4B-E76AE8A5B589}.Release|Any CPU.Build.0 = Release|Any CPU
	EndGlobalSection
	GlobalSection(SolutionProperties) = preSolution
		HideSolutionNode = FALSE
	EndGlobalSection
	GlobalSection(ExtensibilityGlobals) = postSolution
		SolutionGuid = {7FCD56A4-D99D-4F88-B3A4-8A3F48964A5E}
	EndGlobalSection
EndGlobal
